// !$*UTF8*$!
{
	archiveVersion = 1;
	classes = {
	};
	objectVersion = 56;
	objects = {

/* Begin PBXBuildFile section */
		EAA29D4229A90F7800580B53 /* CustomTextFieldPicker.swift in Sources */ = {isa = PBXBuildFile; fileRef = EAA29D4129A90F7800580B53 /* CustomTextFieldPicker.swift */; };
		EAA29D6F29A97D6B00580B53 /* RxCocoa in Frameworks */ = {isa = PBXBuildFile; productRef = EAA29D6E29A97D6B00580B53 /* RxCocoa */; };
		EAA29D7129A97D6B00580B53 /* RxSwift in Frameworks */ = {isa = PBXBuildFile; productRef = EAA29D7029A97D6B00580B53 /* RxSwift */; };
		EAA29D7429A97EB500580B53 /* RxCocoa in Frameworks */ = {isa = PBXBuildFile; productRef = EAA29D7329A97EB500580B53 /* RxCocoa */; };
		EAA29D7629A97EB500580B53 /* RxSwift in Frameworks */ = {isa = PBXBuildFile; productRef = EAA29D7529A97EB500580B53 /* RxSwift */; };
		EAA29D7D29A9A2B800580B53 /* CurrencyConvertEntity.swift in Sources */ = {isa = PBXBuildFile; fileRef = EAA29D7C29A9A2B800580B53 /* CurrencyConvertEntity.swift */; };
		EAA29D8029A9A7D700580B53 /* FamousCurrenciesUseCaseInterface.swift in Sources */ = {isa = PBXBuildFile; fileRef = EAA29D7F29A9A7D700580B53 /* FamousCurrenciesUseCaseInterface.swift */; };
		EAA29D8229A9A7E200580B53 /* FamousCurrenciesUseCase.swift in Sources */ = {isa = PBXBuildFile; fileRef = EAA29D8129A9A7E200580B53 /* FamousCurrenciesUseCase.swift */; };
		EAA29D8429A9A7F200580B53 /* CurrencyDetailsRepositoryInterface.swift in Sources */ = {isa = PBXBuildFile; fileRef = EAA29D8329A9A7F200580B53 /* CurrencyDetailsRepositoryInterface.swift */; };
		EAA29D8829A9A83200580B53 /* CurrencyDetailsRemoteInterface.swift in Sources */ = {isa = PBXBuildFile; fileRef = EAA29D8729A9A83200580B53 /* CurrencyDetailsRemoteInterface.swift */; };
		EAA29D8A29A9A83C00580B53 /* CurrencyDetailsRemoteServices.swift in Sources */ = {isa = PBXBuildFile; fileRef = EAA29D8929A9A83C00580B53 /* CurrencyDetailsRemoteServices.swift */; };
		EAA29D8C29A9A87100580B53 /* CurrencyDetailsRepository.swift in Sources */ = {isa = PBXBuildFile; fileRef = EAA29D8B29A9A87100580B53 /* CurrencyDetailsRepository.swift */; };
		EAA29D9329A9AB2600580B53 /* CurrencyConvertorFactory.swift in Sources */ = {isa = PBXBuildFile; fileRef = EAA29D9229A9AB2600580B53 /* CurrencyConvertorFactory.swift */; };
		EAA29D9529A9AB8600580B53 /* CurrencyDetailsFactory.swift in Sources */ = {isa = PBXBuildFile; fileRef = EAA29D9429A9AB8600580B53 /* CurrencyDetailsFactory.swift */; };
		EAA29D9D29AA3AD500580B53 /* HistoricalDataTableViewCell.swift in Sources */ = {isa = PBXBuildFile; fileRef = EAA29D9B29AA3AD500580B53 /* HistoricalDataTableViewCell.swift */; };
		EAA29D9E29AA3AD500580B53 /* HistoricalDataTableViewCell.xib in Resources */ = {isa = PBXBuildFile; fileRef = EAA29D9C29AA3AD500580B53 /* HistoricalDataTableViewCell.xib */; };
		EAA29DA129AA3AEB00580B53 /* FamousCurrencyTableViewCell.swift in Sources */ = {isa = PBXBuildFile; fileRef = EAA29D9F29AA3AEB00580B53 /* FamousCurrencyTableViewCell.swift */; };
		EAA29DA229AA3AEB00580B53 /* FamousCurrencyTableViewCell.xib in Resources */ = {isa = PBXBuildFile; fileRef = EAA29DA029AA3AEB00580B53 /* FamousCurrencyTableViewCell.xib */; };
		EAA29DA629AA3E8100580B53 /* FamousCurrenciesDataModel.swift in Sources */ = {isa = PBXBuildFile; fileRef = EAA29DA529AA3E8100580B53 /* FamousCurrenciesDataModel.swift */; };
		EAA29DA829AA3EA000580B53 /* HistoricalConvertsDataModel.swift in Sources */ = {isa = PBXBuildFile; fileRef = EAA29DA729AA3EA000580B53 /* HistoricalConvertsDataModel.swift */; };
		EAA29DB329AA778600580B53 /* HistoricalConvertsEntity.swift in Sources */ = {isa = PBXBuildFile; fileRef = EAA29DB229AA778600580B53 /* HistoricalConvertsEntity.swift */; };
		EAA29DB529AA91FD00580B53 /* CurrencyChartView.swift in Sources */ = {isa = PBXBuildFile; fileRef = EAA29DB429AA91FD00580B53 /* CurrencyChartView.swift */; };
		EAA29DB729AA93E600580B53 /* CurrencyChatHeaderView.swift in Sources */ = {isa = PBXBuildFile; fileRef = EAA29DB629AA93E600580B53 /* CurrencyChatHeaderView.swift */; };
		EAA29DB929AA94DF00580B53 /* ChartMeasurmentDataModel.swift in Sources */ = {isa = PBXBuildFile; fileRef = EAA29DB829AA94DF00580B53 /* ChartMeasurmentDataModel.swift */; };
		EAA29DBC29AB719C00580B53 /* HistoricalConvertsUseCase.swift in Sources */ = {isa = PBXBuildFile; fileRef = EAA29DBB29AB719C00580B53 /* HistoricalConvertsUseCase.swift */; };
		EAA29DBE29AB71B900580B53 /* HistoricalDetailsUseCaseInterface.swift in Sources */ = {isa = PBXBuildFile; fileRef = EAA29DBD29AB71B900580B53 /* HistoricalDetailsUseCaseInterface.swift */; };
		EAA29DC229AB7FDD00580B53 /* FetchConvertedCurrencyUseCaseProtocol.swift in Sources */ = {isa = PBXBuildFile; fileRef = EAA29DC129AB7FDD00580B53 /* FetchConvertedCurrencyUseCaseProtocol.swift */; };
		EAA29DC429AB7FE000580B53 /* ConvertedCurrencyUseCase.swift in Sources */ = {isa = PBXBuildFile; fileRef = EAA29DC329AB7FE000580B53 /* ConvertedCurrencyUseCase.swift */; };
		EAA29DC829ABC0EB00580B53 /* RequestBuilder.swift in Sources */ = {isa = PBXBuildFile; fileRef = EAA29DC729ABC0EB00580B53 /* RequestBuilder.swift */; };
		EAA29DCA29ABC10200580B53 /* BaseRouterProtocol.swift in Sources */ = {isa = PBXBuildFile; fileRef = EAA29DC929ABC10200580B53 /* BaseRouterProtocol.swift */; };
		EAA29DCD29AC23C200580B53 /* FetchCurrencySymbolsUseCaseTests.swift in Sources */ = {isa = PBXBuildFile; fileRef = EAA29DCC29AC23C200580B53 /* FetchCurrencySymbolsUseCaseTests.swift */; };
		EAA29DCF29AC266B00580B53 /* RxBlocking in Frameworks */ = {isa = PBXBuildFile; productRef = EAA29DCE29AC266B00580B53 /* RxBlocking */; };
		EAA29DD329AC289200580B53 /* CurrencyConvertsViewModelTests.swift in Sources */ = {isa = PBXBuildFile; fileRef = EAA29DD229AC289200580B53 /* CurrencyConvertsViewModelTests.swift */; };
		EAA29DDB29AC28F900580B53 /* HistoricalConvertsUseCaseTests.swift in Sources */ = {isa = PBXBuildFile; fileRef = EAA29DDA29AC28F900580B53 /* HistoricalConvertsUseCaseTests.swift */; };
		EAA29DE929AC298E00580B53 /* CurrencyDetailsMocks.swift in Sources */ = {isa = PBXBuildFile; fileRef = EAA29DE829AC298E00580B53 /* CurrencyDetailsMocks.swift */; };
		EAA29DF329AC29E500580B53 /* CurrencyConvertorMocks.swift in Sources */ = {isa = PBXBuildFile; fileRef = EAA29DF229AC29E500580B53 /* CurrencyConvertorMocks.swift */; };
		EAA29DF729AC3D3F00580B53 /* DetailsStubGenerator.swift in Sources */ = {isa = PBXBuildFile; fileRef = EAA29DF629AC3D3F00580B53 /* DetailsStubGenerator.swift */; };
		EAA29DFE29AC518300580B53 /* ConvertsStub.json in Resources */ = {isa = PBXBuildFile; fileRef = EAA29DFC29AC518300580B53 /* ConvertsStub.json */; };
		EAA29DFF29AC518300580B53 /* SymbolsStub.json in Resources */ = {isa = PBXBuildFile; fileRef = EAA29DFD29AC518300580B53 /* SymbolsStub.json */; };
		EAA29E0B29AC52AD00580B53 /* CurrencyConvertorStubGenerator.swift in Sources */ = {isa = PBXBuildFile; fileRef = EAA29E0A29AC52AD00580B53 /* CurrencyConvertorStubGenerator.swift */; };
		EAA29E0D29AC543600580B53 /* RxTest in Frameworks */ = {isa = PBXBuildFile; productRef = EAA29E0C29AC543600580B53 /* RxTest */; };
		EAB2197229A7A55A007570E3 /* AppDelegate.swift in Sources */ = {isa = PBXBuildFile; fileRef = EAB2197129A7A55A007570E3 /* AppDelegate.swift */; };
		EAB2197429A7A55A007570E3 /* SceneDelegate.swift in Sources */ = {isa = PBXBuildFile; fileRef = EAB2197329A7A55A007570E3 /* SceneDelegate.swift */; };
		EAB2197929A7A55A007570E3 /* Main.storyboard in Resources */ = {isa = PBXBuildFile; fileRef = EAB2197729A7A55A007570E3 /* Main.storyboard */; };
		EAB2197E29A7A55C007570E3 /* Assets.xcassets in Resources */ = {isa = PBXBuildFile; fileRef = EAB2197D29A7A55C007570E3 /* Assets.xcassets */; };
		EAB2198129A7A55C007570E3 /* LaunchScreen.storyboard in Resources */ = {isa = PBXBuildFile; fileRef = EAB2197F29A7A55C007570E3 /* LaunchScreen.storyboard */; };
		EAB2199629A7A55D007570E3 /* CurrencyConvertorUITests.swift in Sources */ = {isa = PBXBuildFile; fileRef = EAB2199529A7A55D007570E3 /* CurrencyConvertorUITests.swift */; };
		EAB2199829A7A55D007570E3 /* CurrencyConvertorUITestsLaunchTests.swift in Sources */ = {isa = PBXBuildFile; fileRef = EAB2199729A7A55D007570E3 /* CurrencyConvertorUITestsLaunchTests.swift */; };
		EAB219C729A7A7A2007570E3 /* CurrencyConvertorViewController.swift in Sources */ = {isa = PBXBuildFile; fileRef = EAB219C529A7A7A2007570E3 /* CurrencyConvertorViewController.swift */; };
		EAB219CC29A7A7BA007570E3 /* CurrencyConvertorViewModel.swift in Sources */ = {isa = PBXBuildFile; fileRef = EAB219CB29A7A7BA007570E3 /* CurrencyConvertorViewModel.swift */; };
		EAB219D729A832F8007570E3 /* BaseViewController.swift in Sources */ = {isa = PBXBuildFile; fileRef = EAB219D629A832F8007570E3 /* BaseViewController.swift */; };
		EAB219D929A83308007570E3 /* BaseVC.swift in Sources */ = {isa = PBXBuildFile; fileRef = EAB219D829A83308007570E3 /* BaseVC.swift */; };
		EAB219DB29A83380007570E3 /* AppStoryboards.swift in Sources */ = {isa = PBXBuildFile; fileRef = EAB219DA29A83380007570E3 /* AppStoryboards.swift */; };
		EAB219DD29A8338E007570E3 /* Storyboarded.swift in Sources */ = {isa = PBXBuildFile; fileRef = EAB219DC29A8338E007570E3 /* Storyboarded.swift */; };
		EAB219DF29A8339A007570E3 /* Coordinator.swift in Sources */ = {isa = PBXBuildFile; fileRef = EAB219DE29A8339A007570E3 /* Coordinator.swift */; };
		EAB219E129A833A8007570E3 /* AppCoordinator.swift in Sources */ = {isa = PBXBuildFile; fileRef = EAB219E029A833A8007570E3 /* AppCoordinator.swift */; };
		EAB219F029A8355A007570E3 /* CurrencyDetailsViewController.swift in Sources */ = {isa = PBXBuildFile; fileRef = EAB219EE29A8355A007570E3 /* CurrencyDetailsViewController.swift */; };
		EAB219F329A8356D007570E3 /* CurrencyDetailsViewModel.swift in Sources */ = {isa = PBXBuildFile; fileRef = EAB219F229A8356D007570E3 /* CurrencyDetailsViewModel.swift */; };
		EAB219FA29A83C5D007570E3 /* Constants.swift in Sources */ = {isa = PBXBuildFile; fileRef = EAB219F929A83C5D007570E3 /* Constants.swift */; };
		EAB21A0229A846E7007570E3 /* CustomError.swift in Sources */ = {isa = PBXBuildFile; fileRef = EAB21A0129A846E7007570E3 /* CustomError.swift */; };
		EAB21A0429A846F6007570E3 /* NetworkingManger.swift in Sources */ = {isa = PBXBuildFile; fileRef = EAB21A0329A846F6007570E3 /* NetworkingManger.swift */; };
		EAB21A0629A8474C007570E3 /* NetworkReachability.swift in Sources */ = {isa = PBXBuildFile; fileRef = EAB21A0529A8474C007570E3 /* NetworkReachability.swift */; };
		EAB21A0829A8475C007570E3 /* BaseRouter.swift in Sources */ = {isa = PBXBuildFile; fileRef = EAB21A0729A8475C007570E3 /* BaseRouter.swift */; };
		EAB21A0A29A84768007570E3 /* RouterTypes.swift in Sources */ = {isa = PBXBuildFile; fileRef = EAB21A0929A84768007570E3 /* RouterTypes.swift */; };
		EAB21A0E29A84787007570E3 /* RequestRouter.swift in Sources */ = {isa = PBXBuildFile; fileRef = EAB21A0D29A84787007570E3 /* RequestRouter.swift */; };
		EAB21A1929A85EC6007570E3 /* CurrencySymbolsEntity.swift in Sources */ = {isa = PBXBuildFile; fileRef = EAB21A1829A85EC6007570E3 /* CurrencySymbolsEntity.swift */; };
		EAB21A1B29A85EE5007570E3 /* APIError.swift in Sources */ = {isa = PBXBuildFile; fileRef = EAB21A1A29A85EE4007570E3 /* APIError.swift */; };
		EAB21A1E29A8D1D2007570E3 /* UITableView+Ext.swift in Sources */ = {isa = PBXBuildFile; fileRef = EAB21A1D29A8D1D2007570E3 /* UITableView+Ext.swift */; };
		EAB21A2029A8D7DD007570E3 /* UIAlert+Ext.swift in Sources */ = {isa = PBXBuildFile; fileRef = EAB21A1F29A8D7DD007570E3 /* UIAlert+Ext.swift */; };
		EAB21A2329A8E47B007570E3 /* CommonViews.swift in Sources */ = {isa = PBXBuildFile; fileRef = EAB21A2229A8E47B007570E3 /* CommonViews.swift */; };
		EAB21A2529A8E96F007570E3 /* CurrencySymbolsUseCaseInterface.swift in Sources */ = {isa = PBXBuildFile; fileRef = EAB21A2429A8E96F007570E3 /* CurrencySymbolsUseCaseInterface.swift */; };
		EAB21A2729A8E973007570E3 /* CurrencySymbolsUseCase.swift in Sources */ = {isa = PBXBuildFile; fileRef = EAB21A2629A8E973007570E3 /* CurrencySymbolsUseCase.swift */; };
		EAB21A2929A8E9C8007570E3 /* CurrencyConvertorRemoteService.swift in Sources */ = {isa = PBXBuildFile; fileRef = EAB21A2829A8E9C8007570E3 /* CurrencyConvertorRemoteService.swift */; };
		EAB21A2B29A8E9CF007570E3 /* CurrencyConvertorRemoteInterface.swift in Sources */ = {isa = PBXBuildFile; fileRef = EAB21A2A29A8E9CF007570E3 /* CurrencyConvertorRemoteInterface.swift */; };
		EAB21A2D29A8ED35007570E3 /* CurrencyConvertorRepositoryInterface.swift in Sources */ = {isa = PBXBuildFile; fileRef = EAB21A2C29A8ED35007570E3 /* CurrencyConvertorRepositoryInterface.swift */; };
		EAB21A2F29A8ED69007570E3 /* CurrencyConvertorRepository.swift in Sources */ = {isa = PBXBuildFile; fileRef = EAB21A2E29A8ED69007570E3 /* CurrencyConvertorRepository.swift */; };
		EAB21A3429A8EE98007570E3 /* CurrencySymbolsDataModel.swift in Sources */ = {isa = PBXBuildFile; fileRef = EAB21A3329A8EE98007570E3 /* CurrencySymbolsDataModel.swift */; };
		EAB21A3829A8FBE9007570E3 /* FamousCurrenciesEntity.swift in Sources */ = {isa = PBXBuildFile; fileRef = EAB21A3729A8FBE9007570E3 /* FamousCurrenciesEntity.swift */; };
		EAB21A3D29A8FCCA007570E3 /* ConvertedCurrencyDataModel.swift in Sources */ = {isa = PBXBuildFile; fileRef = EAB21A3C29A8FCCA007570E3 /* ConvertedCurrencyDataModel.swift */; };
		EAFA6A1029AC56CE004848B0 /* FetchCurrencySymbolsUseCaseMock.swift in Sources */ = {isa = PBXBuildFile; fileRef = EAFA6A0F29AC56CE004848B0 /* FetchCurrencySymbolsUseCaseMock.swift */; };
		EAFA6A1329ACCC47004848B0 /* FamousCurrenciesStubs.json in Resources */ = {isa = PBXBuildFile; fileRef = EAFA6A1129ACCC47004848B0 /* FamousCurrenciesStubs.json */; };
		EAFA6A1429ACCC47004848B0 /* HistoricalStubs.json in Resources */ = {isa = PBXBuildFile; fileRef = EAFA6A1229ACCC47004848B0 /* HistoricalStubs.json */; };
		EAFA6A1729ACD0D2004848B0 /* MockError.swift in Sources */ = {isa = PBXBuildFile; fileRef = EAFA6A1629ACD0D2004848B0 /* MockError.swift */; };
		EAFA6A1929ACE0C2004848B0 /* FamousCurrencyConvertsUseCaseTests.swift in Sources */ = {isa = PBXBuildFile; fileRef = EAFA6A1829ACE0C2004848B0 /* FamousCurrencyConvertsUseCaseTests.swift */; };
		EAFA6A1B29ACEAF8004848B0 /* FetchConvertedCurrencyUseCaseTests.swift in Sources */ = {isa = PBXBuildFile; fileRef = EAFA6A1A29ACEAF8004848B0 /* FetchConvertedCurrencyUseCaseTests.swift */; };
		EAFA6A1F29AD01EC004848B0 /* FetchConvertedCurrencyUseCaseMock.swift in Sources */ = {isa = PBXBuildFile; fileRef = EAFA6A1E29AD01EC004848B0 /* FetchConvertedCurrencyUseCaseMock.swift */; };
		EAFA6A2629AD7B87004848B0 /* CoordinatorConstants.swift in Sources */ = {isa = PBXBuildFile; fileRef = EAFA6A2529AD7B87004848B0 /* CoordinatorConstants.swift */; };
/* End PBXBuildFile section */

/* Begin PBXContainerItemProxy section */
		EAB2198829A7A55C007570E3 /* PBXContainerItemProxy */ = {
			isa = PBXContainerItemProxy;
			containerPortal = EAB2196629A7A55A007570E3 /* Project object */;
			proxyType = 1;
			remoteGlobalIDString = EAB2196D29A7A55A007570E3;
			remoteInfo = CurrencyConvertor;
		};
		EAB2199229A7A55C007570E3 /* PBXContainerItemProxy */ = {
			isa = PBXContainerItemProxy;
			containerPortal = EAB2196629A7A55A007570E3 /* Project object */;
			proxyType = 1;
			remoteGlobalIDString = EAB2196D29A7A55A007570E3;
			remoteInfo = CurrencyConvertor;
		};
/* End PBXContainerItemProxy section */

/* Begin PBXFileReference section */
		EAA29D4129A90F7800580B53 /* CustomTextFieldPicker.swift */ = {isa = PBXFileReference; lastKnownFileType = sourcecode.swift; path = CustomTextFieldPicker.swift; sourceTree = "<group>"; };
		EAA29D7C29A9A2B800580B53 /* CurrencyConvertEntity.swift */ = {isa = PBXFileReference; lastKnownFileType = sourcecode.swift; path = CurrencyConvertEntity.swift; sourceTree = "<group>"; };
		EAA29D7F29A9A7D700580B53 /* FamousCurrenciesUseCaseInterface.swift */ = {isa = PBXFileReference; lastKnownFileType = sourcecode.swift; path = FamousCurrenciesUseCaseInterface.swift; sourceTree = "<group>"; };
		EAA29D8129A9A7E200580B53 /* FamousCurrenciesUseCase.swift */ = {isa = PBXFileReference; lastKnownFileType = sourcecode.swift; path = FamousCurrenciesUseCase.swift; sourceTree = "<group>"; };
		EAA29D8329A9A7F200580B53 /* CurrencyDetailsRepositoryInterface.swift */ = {isa = PBXFileReference; lastKnownFileType = sourcecode.swift; path = CurrencyDetailsRepositoryInterface.swift; sourceTree = "<group>"; };
		EAA29D8729A9A83200580B53 /* CurrencyDetailsRemoteInterface.swift */ = {isa = PBXFileReference; lastKnownFileType = sourcecode.swift; path = CurrencyDetailsRemoteInterface.swift; sourceTree = "<group>"; };
		EAA29D8929A9A83C00580B53 /* CurrencyDetailsRemoteServices.swift */ = {isa = PBXFileReference; lastKnownFileType = sourcecode.swift; path = CurrencyDetailsRemoteServices.swift; sourceTree = "<group>"; };
		EAA29D8B29A9A87100580B53 /* CurrencyDetailsRepository.swift */ = {isa = PBXFileReference; lastKnownFileType = sourcecode.swift; path = CurrencyDetailsRepository.swift; sourceTree = "<group>"; };
		EAA29D9229A9AB2600580B53 /* CurrencyConvertorFactory.swift */ = {isa = PBXFileReference; lastKnownFileType = sourcecode.swift; path = CurrencyConvertorFactory.swift; sourceTree = "<group>"; };
		EAA29D9429A9AB8600580B53 /* CurrencyDetailsFactory.swift */ = {isa = PBXFileReference; lastKnownFileType = sourcecode.swift; path = CurrencyDetailsFactory.swift; sourceTree = "<group>"; };
		EAA29D9B29AA3AD500580B53 /* HistoricalDataTableViewCell.swift */ = {isa = PBXFileReference; lastKnownFileType = sourcecode.swift; path = HistoricalDataTableViewCell.swift; sourceTree = "<group>"; };
		EAA29D9C29AA3AD500580B53 /* HistoricalDataTableViewCell.xib */ = {isa = PBXFileReference; lastKnownFileType = file.xib; path = HistoricalDataTableViewCell.xib; sourceTree = "<group>"; };
		EAA29D9F29AA3AEB00580B53 /* FamousCurrencyTableViewCell.swift */ = {isa = PBXFileReference; lastKnownFileType = sourcecode.swift; path = FamousCurrencyTableViewCell.swift; sourceTree = "<group>"; };
		EAA29DA029AA3AEB00580B53 /* FamousCurrencyTableViewCell.xib */ = {isa = PBXFileReference; lastKnownFileType = file.xib; path = FamousCurrencyTableViewCell.xib; sourceTree = "<group>"; };
		EAA29DA529AA3E8100580B53 /* FamousCurrenciesDataModel.swift */ = {isa = PBXFileReference; lastKnownFileType = sourcecode.swift; path = FamousCurrenciesDataModel.swift; sourceTree = "<group>"; };
		EAA29DA729AA3EA000580B53 /* HistoricalConvertsDataModel.swift */ = {isa = PBXFileReference; lastKnownFileType = sourcecode.swift; path = HistoricalConvertsDataModel.swift; sourceTree = "<group>"; };
		EAA29DB229AA778600580B53 /* HistoricalConvertsEntity.swift */ = {isa = PBXFileReference; lastKnownFileType = sourcecode.swift; path = HistoricalConvertsEntity.swift; sourceTree = "<group>"; };
		EAA29DB429AA91FD00580B53 /* CurrencyChartView.swift */ = {isa = PBXFileReference; lastKnownFileType = sourcecode.swift; path = CurrencyChartView.swift; sourceTree = "<group>"; };
		EAA29DB629AA93E600580B53 /* CurrencyChatHeaderView.swift */ = {isa = PBXFileReference; lastKnownFileType = sourcecode.swift; path = CurrencyChatHeaderView.swift; sourceTree = "<group>"; };
		EAA29DB829AA94DF00580B53 /* ChartMeasurmentDataModel.swift */ = {isa = PBXFileReference; lastKnownFileType = sourcecode.swift; path = ChartMeasurmentDataModel.swift; sourceTree = "<group>"; };
		EAA29DBB29AB719C00580B53 /* HistoricalConvertsUseCase.swift */ = {isa = PBXFileReference; lastKnownFileType = sourcecode.swift; path = HistoricalConvertsUseCase.swift; sourceTree = "<group>"; };
		EAA29DBD29AB71B900580B53 /* HistoricalDetailsUseCaseInterface.swift */ = {isa = PBXFileReference; lastKnownFileType = sourcecode.swift; path = HistoricalDetailsUseCaseInterface.swift; sourceTree = "<group>"; };
		EAA29DC129AB7FDD00580B53 /* FetchConvertedCurrencyUseCaseProtocol.swift */ = {isa = PBXFileReference; lastKnownFileType = sourcecode.swift; path = FetchConvertedCurrencyUseCaseProtocol.swift; sourceTree = "<group>"; };
		EAA29DC329AB7FE000580B53 /* ConvertedCurrencyUseCase.swift */ = {isa = PBXFileReference; lastKnownFileType = sourcecode.swift; path = ConvertedCurrencyUseCase.swift; sourceTree = "<group>"; };
		EAA29DC729ABC0EB00580B53 /* RequestBuilder.swift */ = {isa = PBXFileReference; lastKnownFileType = sourcecode.swift; path = RequestBuilder.swift; sourceTree = "<group>"; };
		EAA29DC929ABC10200580B53 /* BaseRouterProtocol.swift */ = {isa = PBXFileReference; lastKnownFileType = sourcecode.swift; path = BaseRouterProtocol.swift; sourceTree = "<group>"; };
		EAA29DCC29AC23C200580B53 /* FetchCurrencySymbolsUseCaseTests.swift */ = {isa = PBXFileReference; lastKnownFileType = sourcecode.swift; path = FetchCurrencySymbolsUseCaseTests.swift; sourceTree = "<group>"; };
		EAA29DD229AC289200580B53 /* CurrencyConvertsViewModelTests.swift */ = {isa = PBXFileReference; lastKnownFileType = sourcecode.swift; path = CurrencyConvertsViewModelTests.swift; sourceTree = "<group>"; };
		EAA29DDA29AC28F900580B53 /* HistoricalConvertsUseCaseTests.swift */ = {isa = PBXFileReference; lastKnownFileType = sourcecode.swift; path = HistoricalConvertsUseCaseTests.swift; sourceTree = "<group>"; };
		EAA29DE829AC298E00580B53 /* CurrencyDetailsMocks.swift */ = {isa = PBXFileReference; lastKnownFileType = sourcecode.swift; path = CurrencyDetailsMocks.swift; sourceTree = "<group>"; };
		EAA29DF229AC29E500580B53 /* CurrencyConvertorMocks.swift */ = {isa = PBXFileReference; lastKnownFileType = sourcecode.swift; path = CurrencyConvertorMocks.swift; sourceTree = "<group>"; };
		EAA29DF629AC3D3F00580B53 /* DetailsStubGenerator.swift */ = {isa = PBXFileReference; lastKnownFileType = sourcecode.swift; path = DetailsStubGenerator.swift; sourceTree = "<group>"; };
		EAA29DFC29AC518300580B53 /* ConvertsStub.json */ = {isa = PBXFileReference; fileEncoding = 4; lastKnownFileType = text.json; path = ConvertsStub.json; sourceTree = "<group>"; };
		EAA29DFD29AC518300580B53 /* SymbolsStub.json */ = {isa = PBXFileReference; fileEncoding = 4; lastKnownFileType = text.json; path = SymbolsStub.json; sourceTree = "<group>"; };
		EAA29E0A29AC52AD00580B53 /* CurrencyConvertorStubGenerator.swift */ = {isa = PBXFileReference; lastKnownFileType = sourcecode.swift; path = CurrencyConvertorStubGenerator.swift; sourceTree = "<group>"; };
		EAB2196E29A7A55A007570E3 /* CurrencyConvertor.app */ = {isa = PBXFileReference; explicitFileType = wrapper.application; includeInIndex = 0; path = CurrencyConvertor.app; sourceTree = BUILT_PRODUCTS_DIR; };
		EAB2197129A7A55A007570E3 /* AppDelegate.swift */ = {isa = PBXFileReference; lastKnownFileType = sourcecode.swift; path = AppDelegate.swift; sourceTree = "<group>"; };
		EAB2197329A7A55A007570E3 /* SceneDelegate.swift */ = {isa = PBXFileReference; lastKnownFileType = sourcecode.swift; path = SceneDelegate.swift; sourceTree = "<group>"; };
		EAB2197829A7A55A007570E3 /* Base */ = {isa = PBXFileReference; lastKnownFileType = file.storyboard; name = Base; path = Base.lproj/Main.storyboard; sourceTree = "<group>"; };
		EAB2197D29A7A55C007570E3 /* Assets.xcassets */ = {isa = PBXFileReference; lastKnownFileType = folder.assetcatalog; path = Assets.xcassets; sourceTree = "<group>"; };
		EAB2198029A7A55C007570E3 /* Base */ = {isa = PBXFileReference; lastKnownFileType = file.storyboard; name = Base; path = Base.lproj/LaunchScreen.storyboard; sourceTree = "<group>"; };
		EAB2198229A7A55C007570E3 /* Info.plist */ = {isa = PBXFileReference; lastKnownFileType = text.plist.xml; path = Info.plist; sourceTree = "<group>"; };
		EAB2198729A7A55C007570E3 /* CurrencyConvertorTests.xctest */ = {isa = PBXFileReference; explicitFileType = wrapper.cfbundle; includeInIndex = 0; path = CurrencyConvertorTests.xctest; sourceTree = BUILT_PRODUCTS_DIR; };
		EAB2199129A7A55C007570E3 /* CurrencyConvertorUITests.xctest */ = {isa = PBXFileReference; explicitFileType = wrapper.cfbundle; includeInIndex = 0; path = CurrencyConvertorUITests.xctest; sourceTree = BUILT_PRODUCTS_DIR; };
		EAB2199529A7A55D007570E3 /* CurrencyConvertorUITests.swift */ = {isa = PBXFileReference; lastKnownFileType = sourcecode.swift; path = CurrencyConvertorUITests.swift; sourceTree = "<group>"; };
		EAB2199729A7A55D007570E3 /* CurrencyConvertorUITestsLaunchTests.swift */ = {isa = PBXFileReference; lastKnownFileType = sourcecode.swift; path = CurrencyConvertorUITestsLaunchTests.swift; sourceTree = "<group>"; };
		EAB219C529A7A7A2007570E3 /* CurrencyConvertorViewController.swift */ = {isa = PBXFileReference; lastKnownFileType = sourcecode.swift; path = CurrencyConvertorViewController.swift; sourceTree = "<group>"; };
		EAB219CB29A7A7BA007570E3 /* CurrencyConvertorViewModel.swift */ = {isa = PBXFileReference; lastKnownFileType = sourcecode.swift; path = CurrencyConvertorViewModel.swift; sourceTree = "<group>"; };
		EAB219D629A832F8007570E3 /* BaseViewController.swift */ = {isa = PBXFileReference; lastKnownFileType = sourcecode.swift; path = BaseViewController.swift; sourceTree = "<group>"; };
		EAB219D829A83308007570E3 /* BaseVC.swift */ = {isa = PBXFileReference; lastKnownFileType = sourcecode.swift; path = BaseVC.swift; sourceTree = "<group>"; };
		EAB219DA29A83380007570E3 /* AppStoryboards.swift */ = {isa = PBXFileReference; lastKnownFileType = sourcecode.swift; path = AppStoryboards.swift; sourceTree = "<group>"; };
		EAB219DC29A8338E007570E3 /* Storyboarded.swift */ = {isa = PBXFileReference; lastKnownFileType = sourcecode.swift; path = Storyboarded.swift; sourceTree = "<group>"; };
		EAB219DE29A8339A007570E3 /* Coordinator.swift */ = {isa = PBXFileReference; lastKnownFileType = sourcecode.swift; path = Coordinator.swift; sourceTree = "<group>"; };
		EAB219E029A833A8007570E3 /* AppCoordinator.swift */ = {isa = PBXFileReference; lastKnownFileType = sourcecode.swift; path = AppCoordinator.swift; sourceTree = "<group>"; };
		EAB219EE29A8355A007570E3 /* CurrencyDetailsViewController.swift */ = {isa = PBXFileReference; lastKnownFileType = sourcecode.swift; path = CurrencyDetailsViewController.swift; sourceTree = "<group>"; };
		EAB219F229A8356D007570E3 /* CurrencyDetailsViewModel.swift */ = {isa = PBXFileReference; lastKnownFileType = sourcecode.swift; path = CurrencyDetailsViewModel.swift; sourceTree = "<group>"; };
		EAB219F929A83C5D007570E3 /* Constants.swift */ = {isa = PBXFileReference; lastKnownFileType = sourcecode.swift; path = Constants.swift; sourceTree = "<group>"; };
		EAB21A0129A846E7007570E3 /* CustomError.swift */ = {isa = PBXFileReference; lastKnownFileType = sourcecode.swift; path = CustomError.swift; sourceTree = "<group>"; };
		EAB21A0329A846F6007570E3 /* NetworkingManger.swift */ = {isa = PBXFileReference; lastKnownFileType = sourcecode.swift; path = NetworkingManger.swift; sourceTree = "<group>"; };
		EAB21A0529A8474C007570E3 /* NetworkReachability.swift */ = {isa = PBXFileReference; lastKnownFileType = sourcecode.swift; path = NetworkReachability.swift; sourceTree = "<group>"; };
		EAB21A0729A8475C007570E3 /* BaseRouter.swift */ = {isa = PBXFileReference; lastKnownFileType = sourcecode.swift; path = BaseRouter.swift; sourceTree = "<group>"; };
		EAB21A0929A84768007570E3 /* RouterTypes.swift */ = {isa = PBXFileReference; lastKnownFileType = sourcecode.swift; path = RouterTypes.swift; sourceTree = "<group>"; };
		EAB21A0D29A84787007570E3 /* RequestRouter.swift */ = {isa = PBXFileReference; lastKnownFileType = sourcecode.swift; path = RequestRouter.swift; sourceTree = "<group>"; };
		EAB21A1829A85EC6007570E3 /* CurrencySymbolsEntity.swift */ = {isa = PBXFileReference; lastKnownFileType = sourcecode.swift; path = CurrencySymbolsEntity.swift; sourceTree = "<group>"; };
		EAB21A1A29A85EE4007570E3 /* APIError.swift */ = {isa = PBXFileReference; lastKnownFileType = sourcecode.swift; path = APIError.swift; sourceTree = "<group>"; };
		EAB21A1D29A8D1D2007570E3 /* UITableView+Ext.swift */ = {isa = PBXFileReference; lastKnownFileType = sourcecode.swift; path = "UITableView+Ext.swift"; sourceTree = "<group>"; };
		EAB21A1F29A8D7DD007570E3 /* UIAlert+Ext.swift */ = {isa = PBXFileReference; lastKnownFileType = sourcecode.swift; path = "UIAlert+Ext.swift"; sourceTree = "<group>"; };
		EAB21A2229A8E47B007570E3 /* CommonViews.swift */ = {isa = PBXFileReference; lastKnownFileType = sourcecode.swift; path = CommonViews.swift; sourceTree = "<group>"; };
		EAB21A2429A8E96F007570E3 /* CurrencySymbolsUseCaseInterface.swift */ = {isa = PBXFileReference; lastKnownFileType = sourcecode.swift; path = CurrencySymbolsUseCaseInterface.swift; sourceTree = "<group>"; };
		EAB21A2629A8E973007570E3 /* CurrencySymbolsUseCase.swift */ = {isa = PBXFileReference; lastKnownFileType = sourcecode.swift; path = CurrencySymbolsUseCase.swift; sourceTree = "<group>"; };
		EAB21A2829A8E9C8007570E3 /* CurrencyConvertorRemoteService.swift */ = {isa = PBXFileReference; lastKnownFileType = sourcecode.swift; path = CurrencyConvertorRemoteService.swift; sourceTree = "<group>"; };
		EAB21A2A29A8E9CF007570E3 /* CurrencyConvertorRemoteInterface.swift */ = {isa = PBXFileReference; lastKnownFileType = sourcecode.swift; path = CurrencyConvertorRemoteInterface.swift; sourceTree = "<group>"; };
		EAB21A2C29A8ED35007570E3 /* CurrencyConvertorRepositoryInterface.swift */ = {isa = PBXFileReference; lastKnownFileType = sourcecode.swift; path = CurrencyConvertorRepositoryInterface.swift; sourceTree = "<group>"; };
		EAB21A2E29A8ED69007570E3 /* CurrencyConvertorRepository.swift */ = {isa = PBXFileReference; lastKnownFileType = sourcecode.swift; path = CurrencyConvertorRepository.swift; sourceTree = "<group>"; };
		EAB21A3329A8EE98007570E3 /* CurrencySymbolsDataModel.swift */ = {isa = PBXFileReference; lastKnownFileType = sourcecode.swift; path = CurrencySymbolsDataModel.swift; sourceTree = "<group>"; };
		EAB21A3729A8FBE9007570E3 /* FamousCurrenciesEntity.swift */ = {isa = PBXFileReference; lastKnownFileType = sourcecode.swift; path = FamousCurrenciesEntity.swift; sourceTree = "<group>"; };
		EAB21A3C29A8FCCA007570E3 /* ConvertedCurrencyDataModel.swift */ = {isa = PBXFileReference; lastKnownFileType = sourcecode.swift; path = ConvertedCurrencyDataModel.swift; sourceTree = "<group>"; };
		EAFA6A0F29AC56CE004848B0 /* FetchCurrencySymbolsUseCaseMock.swift */ = {isa = PBXFileReference; lastKnownFileType = sourcecode.swift; path = FetchCurrencySymbolsUseCaseMock.swift; sourceTree = "<group>"; };
		EAFA6A1129ACCC47004848B0 /* FamousCurrenciesStubs.json */ = {isa = PBXFileReference; fileEncoding = 4; lastKnownFileType = text.json; path = FamousCurrenciesStubs.json; sourceTree = "<group>"; };
		EAFA6A1229ACCC47004848B0 /* HistoricalStubs.json */ = {isa = PBXFileReference; fileEncoding = 4; lastKnownFileType = text.json; path = HistoricalStubs.json; sourceTree = "<group>"; };
		EAFA6A1629ACD0D2004848B0 /* MockError.swift */ = {isa = PBXFileReference; lastKnownFileType = sourcecode.swift; path = MockError.swift; sourceTree = "<group>"; };
		EAFA6A1829ACE0C2004848B0 /* FamousCurrencyConvertsUseCaseTests.swift */ = {isa = PBXFileReference; lastKnownFileType = sourcecode.swift; path = FamousCurrencyConvertsUseCaseTests.swift; sourceTree = "<group>"; };
		EAFA6A1A29ACEAF8004848B0 /* FetchConvertedCurrencyUseCaseTests.swift */ = {isa = PBXFileReference; lastKnownFileType = sourcecode.swift; path = FetchConvertedCurrencyUseCaseTests.swift; sourceTree = "<group>"; };
		EAFA6A1E29AD01EC004848B0 /* FetchConvertedCurrencyUseCaseMock.swift */ = {isa = PBXFileReference; lastKnownFileType = sourcecode.swift; path = FetchConvertedCurrencyUseCaseMock.swift; sourceTree = "<group>"; };
		EAFA6A2529AD7B87004848B0 /* CoordinatorConstants.swift */ = {isa = PBXFileReference; lastKnownFileType = sourcecode.swift; path = CoordinatorConstants.swift; sourceTree = "<group>"; };
/* End PBXFileReference section */

/* Begin PBXFrameworksBuildPhase section */
		EAB2196B29A7A55A007570E3 /* Frameworks */ = {
			isa = PBXFrameworksBuildPhase;
			buildActionMask = 2147483647;
			files = (
				EAA29D7129A97D6B00580B53 /* RxSwift in Frameworks */,
				EAA29D6F29A97D6B00580B53 /* RxCocoa in Frameworks */,
			);
			runOnlyForDeploymentPostprocessing = 0;
		};
		EAB2198429A7A55C007570E3 /* Frameworks */ = {
			isa = PBXFrameworksBuildPhase;
			buildActionMask = 2147483647;
			files = (
				EAA29E0D29AC543600580B53 /* RxTest in Frameworks */,
				EAA29D7629A97EB500580B53 /* RxSwift in Frameworks */,
				EAA29DCF29AC266B00580B53 /* RxBlocking in Frameworks */,
				EAA29D7429A97EB500580B53 /* RxCocoa in Frameworks */,
			);
			runOnlyForDeploymentPostprocessing = 0;
		};
		EAB2198E29A7A55C007570E3 /* Frameworks */ = {
			isa = PBXFrameworksBuildPhase;
			buildActionMask = 2147483647;
			files = (
			);
			runOnlyForDeploymentPostprocessing = 0;
		};
/* End PBXFrameworksBuildPhase section */

/* Begin PBXGroup section */
		EAA29D7229A97EB500580B53 /* Frameworks */ = {
			isa = PBXGroup;
			children = (
			);
			name = Frameworks;
			sourceTree = "<group>";
		};
		EAA29D8529A9A80F00580B53 /* DataModels */ = {
			isa = PBXGroup;
			children = (
				EAA29DA729AA3EA000580B53 /* HistoricalConvertsDataModel.swift */,
				EAA29DA529AA3E8100580B53 /* FamousCurrenciesDataModel.swift */,
				EAA29DB829AA94DF00580B53 /* ChartMeasurmentDataModel.swift */,
			);
			path = DataModels;
			sourceTree = "<group>";
		};
		EAA29D9129A9AB1A00580B53 /* ViewControllersFactory */ = {
			isa = PBXGroup;
			children = (
				EAA29D9229A9AB2600580B53 /* CurrencyConvertorFactory.swift */,
				EAA29D9429A9AB8600580B53 /* CurrencyDetailsFactory.swift */,
			);
			path = ViewControllersFactory;
			sourceTree = "<group>";
		};
		EAA29D9829AA3AB800580B53 /* Views */ = {
			isa = PBXGroup;
			children = (
				EAA29D9A29AA3AC500580B53 /* OtherCurrenciesCell */,
				EAA29D9929AA3ABD00580B53 /* HistoricalDataCell */,
				EAA29DBA29AA94E800580B53 /* ChartHeaderView */,
			);
			path = Views;
			sourceTree = "<group>";
		};
		EAA29D9929AA3ABD00580B53 /* HistoricalDataCell */ = {
			isa = PBXGroup;
			children = (
				EAA29D9B29AA3AD500580B53 /* HistoricalDataTableViewCell.swift */,
				EAA29D9C29AA3AD500580B53 /* HistoricalDataTableViewCell.xib */,
			);
			path = HistoricalDataCell;
			sourceTree = "<group>";
		};
		EAA29D9A29AA3AC500580B53 /* OtherCurrenciesCell */ = {
			isa = PBXGroup;
			children = (
				EAA29D9F29AA3AEB00580B53 /* FamousCurrencyTableViewCell.swift */,
				EAA29DA029AA3AEB00580B53 /* FamousCurrencyTableViewCell.xib */,
			);
			path = OtherCurrenciesCell;
			sourceTree = "<group>";
		};
		EAA29DBA29AA94E800580B53 /* ChartHeaderView */ = {
			isa = PBXGroup;
			children = (
				EAA29DB429AA91FD00580B53 /* CurrencyChartView.swift */,
				EAA29DB629AA93E600580B53 /* CurrencyChatHeaderView.swift */,
			);
			path = ChartHeaderView;
			sourceTree = "<group>";
		};
		EAA29DBF29AB725900580B53 /* FamousCurrenciesConverts */ = {
			isa = PBXGroup;
			children = (
				EAA29D7F29A9A7D700580B53 /* FamousCurrenciesUseCaseInterface.swift */,
				EAA29D8129A9A7E200580B53 /* FamousCurrenciesUseCase.swift */,
			);
			path = FamousCurrenciesConverts;
			sourceTree = "<group>";
		};
		EAA29DC029AB726300580B53 /* HistoricalCurrrenciesConverts */ = {
			isa = PBXGroup;
			children = (
				EAA29DBD29AB71B900580B53 /* HistoricalDetailsUseCaseInterface.swift */,
				EAA29DBB29AB719C00580B53 /* HistoricalConvertsUseCase.swift */,
			);
			path = HistoricalCurrrenciesConverts;
			sourceTree = "<group>";
		};
		EAA29DC529AB810400580B53 /* CurrencySymbols */ = {
			isa = PBXGroup;
			children = (
				EAB21A2429A8E96F007570E3 /* CurrencySymbolsUseCaseInterface.swift */,
				EAB21A2629A8E973007570E3 /* CurrencySymbolsUseCase.swift */,
			);
			path = CurrencySymbols;
			sourceTree = "<group>";
		};
		EAA29DC629AB811100580B53 /* ConvertedCurrency */ = {
			isa = PBXGroup;
			children = (
				EAA29DC129AB7FDD00580B53 /* FetchConvertedCurrencyUseCaseProtocol.swift */,
				EAA29DC329AB7FE000580B53 /* ConvertedCurrencyUseCase.swift */,
			);
			path = ConvertedCurrency;
			sourceTree = "<group>";
		};
		EAA29DD629AC28B300580B53 /* CurrencyConvertsModule */ = {
			isa = PBXGroup;
			children = (
				EAA29DFB29AC512500580B53 /* Stubs */,
				EAA29E0029AC519400580B53 /* UseCaseTests */,
				EAA29DE529AC294700580B53 /* ViewModelTests */,
			);
			path = CurrencyConvertsModule;
			sourceTree = "<group>";
		};
		EAA29DD729AC28C700580B53 /* CurrencyDetailsModule */ = {
			isa = PBXGroup;
			children = (
				EAA29E0929AC527800580B53 /* Stubs */,
				EAA29E0829AC527100580B53 /* UseCaseTests */,
			);
			path = CurrencyDetailsModule;
			sourceTree = "<group>";
		};
		EAA29DE529AC294700580B53 /* ViewModelTests */ = {
			isa = PBXGroup;
			children = (
				EAFA6A2029AD0203004848B0 /* Mocks */,
				EAA29DD229AC289200580B53 /* CurrencyConvertsViewModelTests.swift */,
			);
			path = ViewModelTests;
			sourceTree = "<group>";
		};
		EAA29DFB29AC512500580B53 /* Stubs */ = {
			isa = PBXGroup;
			children = (
				EAA29E0A29AC52AD00580B53 /* CurrencyConvertorStubGenerator.swift */,
				EAA29DFC29AC518300580B53 /* ConvertsStub.json */,
				EAA29DFD29AC518300580B53 /* SymbolsStub.json */,
			);
			path = Stubs;
			sourceTree = "<group>";
		};
		EAA29E0029AC519400580B53 /* UseCaseTests */ = {
			isa = PBXGroup;
			children = (
				EAFA6A2229AD47A0004848B0 /* Mocks */,
				EAA29DCC29AC23C200580B53 /* FetchCurrencySymbolsUseCaseTests.swift */,
				EAFA6A1A29ACEAF8004848B0 /* FetchConvertedCurrencyUseCaseTests.swift */,
			);
			path = UseCaseTests;
			sourceTree = "<group>";
		};
		EAA29E0829AC527100580B53 /* UseCaseTests */ = {
			isa = PBXGroup;
			children = (
				EAFA6A2129AD4794004848B0 /* Mocks */,
				EAA29DDA29AC28F900580B53 /* HistoricalConvertsUseCaseTests.swift */,
				EAFA6A1829ACE0C2004848B0 /* FamousCurrencyConvertsUseCaseTests.swift */,
			);
			path = UseCaseTests;
			sourceTree = "<group>";
		};
		EAA29E0929AC527800580B53 /* Stubs */ = {
			isa = PBXGroup;
			children = (
				EAA29DF629AC3D3F00580B53 /* DetailsStubGenerator.swift */,
				EAFA6A1229ACCC47004848B0 /* HistoricalStubs.json */,
				EAFA6A1129ACCC47004848B0 /* FamousCurrenciesStubs.json */,
			);
			path = Stubs;
			sourceTree = "<group>";
		};
		EAB2196529A7A55A007570E3 = {
			isa = PBXGroup;
			children = (
				EAB2197029A7A55A007570E3 /* CurrencyConvertor */,
				EAB2198A29A7A55C007570E3 /* CurrencyConvertorTests */,
				EAB2199429A7A55C007570E3 /* CurrencyConvertorUITests */,
				EAB2196F29A7A55A007570E3 /* Products */,
				EAA29D7229A97EB500580B53 /* Frameworks */,
			);
			sourceTree = "<group>";
		};
		EAB2196F29A7A55A007570E3 /* Products */ = {
			isa = PBXGroup;
			children = (
				EAB2196E29A7A55A007570E3 /* CurrencyConvertor.app */,
				EAB2198729A7A55C007570E3 /* CurrencyConvertorTests.xctest */,
				EAB2199129A7A55C007570E3 /* CurrencyConvertorUITests.xctest */,
			);
			name = Products;
			sourceTree = "<group>";
		};
		EAB2197029A7A55A007570E3 /* CurrencyConvertor */ = {
			isa = PBXGroup;
			children = (
				EAB219A429A7A563007570E3 /* Core */,
				EAB219B229A7A60E007570E3 /* Storyboards */,
				EAB219A929A7A5A5007570E3 /* Modules */,
				EAB219A829A7A595007570E3 /* Helpers */,
				EAB2197D29A7A55C007570E3 /* Assets.xcassets */,
				EAB2198229A7A55C007570E3 /* Info.plist */,
			);
			path = CurrencyConvertor;
			sourceTree = "<group>";
		};
		EAB2198A29A7A55C007570E3 /* CurrencyConvertorTests */ = {
			isa = PBXGroup;
			children = (
				EAB21A4429A902E3007570E3 /* CurrencyConvertorTests */,
			);
			path = CurrencyConvertorTests;
			sourceTree = "<group>";
		};
		EAB2199429A7A55C007570E3 /* CurrencyConvertorUITests */ = {
			isa = PBXGroup;
			children = (
				EAB2199529A7A55D007570E3 /* CurrencyConvertorUITests.swift */,
				EAB2199729A7A55D007570E3 /* CurrencyConvertorUITestsLaunchTests.swift */,
			);
			path = CurrencyConvertorUITests;
			sourceTree = "<group>";
		};
		EAB219A429A7A563007570E3 /* Core */ = {
			isa = PBXGroup;
			children = (
				EAB2197129A7A55A007570E3 /* AppDelegate.swift */,
				EAB2197329A7A55A007570E3 /* SceneDelegate.swift */,
			);
			path = Core;
			sourceTree = "<group>";
		};
		EAB219A529A7A56E007570E3 /* NetworkLayer */ = {
			isa = PBXGroup;
			children = (
				EAB21A0329A846F6007570E3 /* NetworkingManger.swift */,
				EAB21A1529A853D0007570E3 /* RequestRouter */,
				EAB21A1629A853DA007570E3 /* Error */,
			);
			path = NetworkLayer;
			sourceTree = "<group>";
		};
		EAB219A629A7A577007570E3 /* NavigationLayer */ = {
			isa = PBXGroup;
			children = (
				EAA29D9129A9AB1A00580B53 /* ViewControllersFactory */,
				EAB219F429A839F3007570E3 /* Storyboards */,
				EAB219F529A839FE007570E3 /* AppCoordinator */,
			);
			path = NavigationLayer;
			sourceTree = "<group>";
		};
		EAB219A729A7A582007570E3 /* Extensions */ = {
			isa = PBXGroup;
			children = (
				EAB21A1D29A8D1D2007570E3 /* UITableView+Ext.swift */,
				EAB21A1F29A8D7DD007570E3 /* UIAlert+Ext.swift */,
			);
			path = Extensions;
			sourceTree = "<group>";
		};
		EAB219A829A7A595007570E3 /* Helpers */ = {
			isa = PBXGroup;
			children = (
				EAB21A2129A8E472007570E3 /* CommonViews */,
				EAB219F829A83C53007570E3 /* Constants */,
				EAB219A629A7A577007570E3 /* NavigationLayer */,
				EAB219A529A7A56E007570E3 /* NetworkLayer */,
				EAB219A729A7A582007570E3 /* Extensions */,
			);
			path = Helpers;
			sourceTree = "<group>";
		};
		EAB219A929A7A5A5007570E3 /* Modules */ = {
			isa = PBXGroup;
			children = (
				EAB219AA29A7A5AC007570E3 /* CurrencyConvertor */,
				EAB219E229A834A5007570E3 /* CurrencyDetails */,
			);
			path = Modules;
			sourceTree = "<group>";
		};
		EAB219AA29A7A5AC007570E3 /* CurrencyConvertor */ = {
			isa = PBXGroup;
			children = (
				EAB219B029A7A5EE007570E3 /* Domain */,
				EAB219B129A7A5F3007570E3 /* Data */,
				EAB219AF29A7A5E7007570E3 /* Presentation */,
			);
			path = CurrencyConvertor;
			sourceTree = "<group>";
		};
		EAB219AF29A7A5E7007570E3 /* Presentation */ = {
			isa = PBXGroup;
			children = (
				EAB219CA29A7A7AE007570E3 /* ViewModel */,
				EAB219C929A7A7A7007570E3 /* ViewController */,
			);
			path = Presentation;
			sourceTree = "<group>";
		};
		EAB219B029A7A5EE007570E3 /* Domain */ = {
			isa = PBXGroup;
			children = (
				EAB219CD29A7A884007570E3 /* Entities */,
				EAB219CE29A7A88E007570E3 /* UseCases */,
				EAB219CF29A7A898007570E3 /* Interfaces */,
			);
			path = Domain;
			sourceTree = "<group>";
		};
		EAB219B129A7A5F3007570E3 /* Data */ = {
			isa = PBXGroup;
			children = (
				EAB21A3229A8EE87007570E3 /* DataModel */,
				EAB219D229A7A8F2007570E3 /* Remote */,
				EAB219D029A7A8E4007570E3 /* Repository */,
			);
			path = Data;
			sourceTree = "<group>";
		};
		EAB219B229A7A60E007570E3 /* Storyboards */ = {
			isa = PBXGroup;
			children = (
				EAB2197729A7A55A007570E3 /* Main.storyboard */,
				EAB2197F29A7A55C007570E3 /* LaunchScreen.storyboard */,
			);
			path = Storyboards;
			sourceTree = "<group>";
		};
		EAB219C929A7A7A7007570E3 /* ViewController */ = {
			isa = PBXGroup;
			children = (
				EAB219C529A7A7A2007570E3 /* CurrencyConvertorViewController.swift */,
			);
			path = ViewController;
			sourceTree = "<group>";
		};
		EAB219CA29A7A7AE007570E3 /* ViewModel */ = {
			isa = PBXGroup;
			children = (
				EAB219CB29A7A7BA007570E3 /* CurrencyConvertorViewModel.swift */,
			);
			path = ViewModel;
			sourceTree = "<group>";
		};
		EAB219CD29A7A884007570E3 /* Entities */ = {
			isa = PBXGroup;
			children = (
				EAB21A1829A85EC6007570E3 /* CurrencySymbolsEntity.swift */,
				EAA29D7C29A9A2B800580B53 /* CurrencyConvertEntity.swift */,
			);
			path = Entities;
			sourceTree = "<group>";
		};
		EAB219CE29A7A88E007570E3 /* UseCases */ = {
			isa = PBXGroup;
			children = (
				EAB21A3529A8F380007570E3 /* CurrencySympolUseCase */,
			);
			path = UseCases;
			sourceTree = "<group>";
		};
		EAB219CF29A7A898007570E3 /* Interfaces */ = {
			isa = PBXGroup;
			children = (
				EAB21A2C29A8ED35007570E3 /* CurrencyConvertorRepositoryInterface.swift */,
			);
			path = Interfaces;
			sourceTree = "<group>";
		};
		EAB219D029A7A8E4007570E3 /* Repository */ = {
			isa = PBXGroup;
			children = (
				EAB21A2E29A8ED69007570E3 /* CurrencyConvertorRepository.swift */,
			);
			path = Repository;
			sourceTree = "<group>";
		};
		EAB219D229A7A8F2007570E3 /* Remote */ = {
			isa = PBXGroup;
			children = (
				EAB21A2A29A8E9CF007570E3 /* CurrencyConvertorRemoteInterface.swift */,
				EAB21A2829A8E9C8007570E3 /* CurrencyConvertorRemoteService.swift */,
			);
			path = Remote;
			sourceTree = "<group>";
		};
		EAB219D529A832EC007570E3 /* BaseViewController */ = {
			isa = PBXGroup;
			children = (
				EAB219D629A832F8007570E3 /* BaseViewController.swift */,
				EAB219D829A83308007570E3 /* BaseVC.swift */,
			);
			path = BaseViewController;
			sourceTree = "<group>";
		};
		EAB219E229A834A5007570E3 /* CurrencyDetails */ = {
			isa = PBXGroup;
			children = (
				EAB219E329A834C9007570E3 /* Domain */,
				EAB219E429A834D0007570E3 /* Data */,
				EAB219E529A834D4007570E3 /* Presentation */,
			);
			path = CurrencyDetails;
			sourceTree = "<group>";
		};
		EAB219E329A834C9007570E3 /* Domain */ = {
			isa = PBXGroup;
			children = (
				EAB219EC29A83502007570E3 /* Entities */,
				EAB219ED29A83507007570E3 /* UseCases */,
				EAB219EB29A834FB007570E3 /* Interfaces */,
			);
			path = Domain;
			sourceTree = "<group>";
		};
		EAB219E429A834D0007570E3 /* Data */ = {
			isa = PBXGroup;
			children = (
				EAA29D8529A9A80F00580B53 /* DataModels */,
				EAB219E929A834F0007570E3 /* Remote */,
				EAB219EA29A834F4007570E3 /* Repository */,
			);
			path = Data;
			sourceTree = "<group>";
		};
		EAB219E529A834D4007570E3 /* Presentation */ = {
			isa = PBXGroup;
			children = (
				EAA29D9829AA3AB800580B53 /* Views */,
				EAB219E729A834E3007570E3 /* ViewModel */,
				EAB219E629A834DA007570E3 /* ViewController */,
			);
			path = Presentation;
			sourceTree = "<group>";
		};
		EAB219E629A834DA007570E3 /* ViewController */ = {
			isa = PBXGroup;
			children = (
				EAB219EE29A8355A007570E3 /* CurrencyDetailsViewController.swift */,
			);
			path = ViewController;
			sourceTree = "<group>";
		};
		EAB219E729A834E3007570E3 /* ViewModel */ = {
			isa = PBXGroup;
			children = (
				EAB219F229A8356D007570E3 /* CurrencyDetailsViewModel.swift */,
			);
			path = ViewModel;
			sourceTree = "<group>";
		};
		EAB219E929A834F0007570E3 /* Remote */ = {
			isa = PBXGroup;
			children = (
				EAA29D8729A9A83200580B53 /* CurrencyDetailsRemoteInterface.swift */,
				EAA29D8929A9A83C00580B53 /* CurrencyDetailsRemoteServices.swift */,
			);
			path = Remote;
			sourceTree = "<group>";
		};
		EAB219EA29A834F4007570E3 /* Repository */ = {
			isa = PBXGroup;
			children = (
				EAA29D8B29A9A87100580B53 /* CurrencyDetailsRepository.swift */,
			);
			path = Repository;
			sourceTree = "<group>";
		};
		EAB219EB29A834FB007570E3 /* Interfaces */ = {
			isa = PBXGroup;
			children = (
				EAA29D8329A9A7F200580B53 /* CurrencyDetailsRepositoryInterface.swift */,
			);
			path = Interfaces;
			sourceTree = "<group>";
		};
		EAB219EC29A83502007570E3 /* Entities */ = {
			isa = PBXGroup;
			children = (
				EAB21A3729A8FBE9007570E3 /* FamousCurrenciesEntity.swift */,
				EAA29DB229AA778600580B53 /* HistoricalConvertsEntity.swift */,
			);
			path = Entities;
			sourceTree = "<group>";
		};
		EAB219ED29A83507007570E3 /* UseCases */ = {
			isa = PBXGroup;
			children = (
				EAA29DC029AB726300580B53 /* HistoricalCurrrenciesConverts */,
				EAA29DBF29AB725900580B53 /* FamousCurrenciesConverts */,
			);
			path = UseCases;
			sourceTree = "<group>";
		};
		EAB219F429A839F3007570E3 /* Storyboards */ = {
			isa = PBXGroup;
			children = (
				EAB219DA29A83380007570E3 /* AppStoryboards.swift */,
				EAB219DC29A8338E007570E3 /* Storyboarded.swift */,
			);
			path = Storyboards;
			sourceTree = "<group>";
		};
		EAB219F529A839FE007570E3 /* AppCoordinator */ = {
			isa = PBXGroup;
			children = (
				EAB219DE29A8339A007570E3 /* Coordinator.swift */,
				EAB219E029A833A8007570E3 /* AppCoordinator.swift */,
			);
			path = AppCoordinator;
			sourceTree = "<group>";
		};
		EAB219F829A83C53007570E3 /* Constants */ = {
			isa = PBXGroup;
			children = (
				EAB219F929A83C5D007570E3 /* Constants.swift */,
				EAFA6A2529AD7B87004848B0 /* CoordinatorConstants.swift */,
			);
			path = Constants;
			sourceTree = "<group>";
		};
		EAB21A1529A853D0007570E3 /* RequestRouter */ = {
			isa = PBXGroup;
			children = (
				EAB21A0D29A84787007570E3 /* RequestRouter.swift */,
				EAA29DC929ABC10200580B53 /* BaseRouterProtocol.swift */,
				EAB21A0729A8475C007570E3 /* BaseRouter.swift */,
				EAB21A0929A84768007570E3 /* RouterTypes.swift */,
				EAA29DC729ABC0EB00580B53 /* RequestBuilder.swift */,
			);
			path = RequestRouter;
			sourceTree = "<group>";
		};
		EAB21A1629A853DA007570E3 /* Error */ = {
			isa = PBXGroup;
			children = (
				EAB21A0529A8474C007570E3 /* NetworkReachability.swift */,
				EAB21A1A29A85EE4007570E3 /* APIError.swift */,
				EAB21A0129A846E7007570E3 /* CustomError.swift */,
			);
			path = Error;
			sourceTree = "<group>";
		};
		EAB21A2129A8E472007570E3 /* CommonViews */ = {
			isa = PBXGroup;
			children = (
				EAB219D529A832EC007570E3 /* BaseViewController */,
				EAA29D4129A90F7800580B53 /* CustomTextFieldPicker.swift */,
				EAB21A2229A8E47B007570E3 /* CommonViews.swift */,
			);
			path = CommonViews;
			sourceTree = "<group>";
		};
		EAB21A3229A8EE87007570E3 /* DataModel */ = {
			isa = PBXGroup;
			children = (
				EAB21A3329A8EE98007570E3 /* CurrencySymbolsDataModel.swift */,
				EAB21A3C29A8FCCA007570E3 /* ConvertedCurrencyDataModel.swift */,
			);
			path = DataModel;
			sourceTree = "<group>";
		};
		EAB21A3529A8F380007570E3 /* CurrencySympolUseCase */ = {
			isa = PBXGroup;
			children = (
				EAA29DC529AB810400580B53 /* CurrencySymbols */,
				EAA29DC629AB811100580B53 /* ConvertedCurrency */,
			);
			path = CurrencySympolUseCase;
			sourceTree = "<group>";
		};
		EAB21A4429A902E3007570E3 /* CurrencyConvertorTests */ = {
			isa = PBXGroup;
			children = (
				EAFA6A1529ACD0CB004848B0 /* Helper */,
				EAA29DD629AC28B300580B53 /* CurrencyConvertsModule */,
				EAA29DD729AC28C700580B53 /* CurrencyDetailsModule */,
			);
			path = CurrencyConvertorTests;
			sourceTree = "<group>";
		};
		EAFA6A1529ACD0CB004848B0 /* Helper */ = {
			isa = PBXGroup;
			children = (
				EAFA6A1629ACD0D2004848B0 /* MockError.swift */,
			);
			path = Helper;
			sourceTree = "<group>";
		};
		EAFA6A2029AD0203004848B0 /* Mocks */ = {
			isa = PBXGroup;
			children = (
				EAFA6A0F29AC56CE004848B0 /* FetchCurrencySymbolsUseCaseMock.swift */,
				EAFA6A1E29AD01EC004848B0 /* FetchConvertedCurrencyUseCaseMock.swift */,
			);
			path = Mocks;
			sourceTree = "<group>";
		};
		EAFA6A2129AD4794004848B0 /* Mocks */ = {
			isa = PBXGroup;
			children = (
				EAA29DE829AC298E00580B53 /* CurrencyDetailsMocks.swift */,
			);
			path = Mocks;
			sourceTree = "<group>";
		};
		EAFA6A2229AD47A0004848B0 /* Mocks */ = {
			isa = PBXGroup;
			children = (
				EAA29DF229AC29E500580B53 /* CurrencyConvertorMocks.swift */,
			);
			path = Mocks;
			sourceTree = "<group>";
		};
/* End PBXGroup section */

/* Begin PBXNativeTarget section */
		EAB2196D29A7A55A007570E3 /* CurrencyConvertor */ = {
			isa = PBXNativeTarget;
			buildConfigurationList = EAB2199B29A7A55D007570E3 /* Build configuration list for PBXNativeTarget "CurrencyConvertor" */;
			buildPhases = (
				EAB2196A29A7A55A007570E3 /* Sources */,
				EAB2196B29A7A55A007570E3 /* Frameworks */,
				EAB2196C29A7A55A007570E3 /* Resources */,
			);
			buildRules = (
			);
			dependencies = (
			);
			name = CurrencyConvertor;
			packageProductDependencies = (
				EAA29D6E29A97D6B00580B53 /* RxCocoa */,
				EAA29D7029A97D6B00580B53 /* RxSwift */,
			);
			productName = CurrencyConvertor;
			productReference = EAB2196E29A7A55A007570E3 /* CurrencyConvertor.app */;
			productType = "com.apple.product-type.application";
		};
		EAB2198629A7A55C007570E3 /* CurrencyConvertorTests */ = {
			isa = PBXNativeTarget;
			buildConfigurationList = EAB2199E29A7A55D007570E3 /* Build configuration list for PBXNativeTarget "CurrencyConvertorTests" */;
			buildPhases = (
				EAB2198329A7A55C007570E3 /* Sources */,
				EAB2198429A7A55C007570E3 /* Frameworks */,
				EAB2198529A7A55C007570E3 /* Resources */,
			);
			buildRules = (
			);
			dependencies = (
				EAB2198929A7A55C007570E3 /* PBXTargetDependency */,
			);
			name = CurrencyConvertorTests;
			packageProductDependencies = (
				EAA29D7329A97EB500580B53 /* RxCocoa */,
				EAA29D7529A97EB500580B53 /* RxSwift */,
				EAA29DCE29AC266B00580B53 /* RxBlocking */,
				EAA29E0C29AC543600580B53 /* RxTest */,
			);
			productName = CurrencyConvertorTests;
			productReference = EAB2198729A7A55C007570E3 /* CurrencyConvertorTests.xctest */;
			productType = "com.apple.product-type.bundle.unit-test";
		};
		EAB2199029A7A55C007570E3 /* CurrencyConvertorUITests */ = {
			isa = PBXNativeTarget;
			buildConfigurationList = EAB219A129A7A55D007570E3 /* Build configuration list for PBXNativeTarget "CurrencyConvertorUITests" */;
			buildPhases = (
				EAB2198D29A7A55C007570E3 /* Sources */,
				EAB2198E29A7A55C007570E3 /* Frameworks */,
				EAB2198F29A7A55C007570E3 /* Resources */,
			);
			buildRules = (
			);
			dependencies = (
				EAB2199329A7A55C007570E3 /* PBXTargetDependency */,
			);
			name = CurrencyConvertorUITests;
			productName = CurrencyConvertorUITests;
			productReference = EAB2199129A7A55C007570E3 /* CurrencyConvertorUITests.xctest */;
			productType = "com.apple.product-type.bundle.ui-testing";
		};
/* End PBXNativeTarget section */

/* Begin PBXProject section */
		EAB2196629A7A55A007570E3 /* Project object */ = {
			isa = PBXProject;
			attributes = {
				BuildIndependentTargetsInParallel = 1;
				LastSwiftUpdateCheck = 1420;
				LastUpgradeCheck = 1420;
				TargetAttributes = {
					EAB2196D29A7A55A007570E3 = {
						CreatedOnToolsVersion = 14.2;
					};
					EAB2198629A7A55C007570E3 = {
						CreatedOnToolsVersion = 14.2;
						TestTargetID = EAB2196D29A7A55A007570E3;
					};
					EAB2199029A7A55C007570E3 = {
						CreatedOnToolsVersion = 14.2;
						TestTargetID = EAB2196D29A7A55A007570E3;
					};
				};
			};
			buildConfigurationList = EAB2196929A7A55A007570E3 /* Build configuration list for PBXProject "CurrencyConvertor" */;
			compatibilityVersion = "Xcode 14.0";
			developmentRegion = en;
			hasScannedForEncodings = 0;
			knownRegions = (
				en,
				Base,
			);
			mainGroup = EAB2196529A7A55A007570E3;
			packageReferences = (
				EAA29D6D29A97D6B00580B53 /* XCRemoteSwiftPackageReference "RxSwift" */,
			);
			productRefGroup = EAB2196F29A7A55A007570E3 /* Products */;
			projectDirPath = "";
			projectRoot = "";
			targets = (
				EAB2196D29A7A55A007570E3 /* CurrencyConvertor */,
				EAB2198629A7A55C007570E3 /* CurrencyConvertorTests */,
				EAB2199029A7A55C007570E3 /* CurrencyConvertorUITests */,
			);
		};
/* End PBXProject section */

/* Begin PBXResourcesBuildPhase section */
		EAB2196C29A7A55A007570E3 /* Resources */ = {
			isa = PBXResourcesBuildPhase;
			buildActionMask = 2147483647;
			files = (
				EAB2198129A7A55C007570E3 /* LaunchScreen.storyboard in Resources */,
				EAB2197E29A7A55C007570E3 /* Assets.xcassets in Resources */,
				EAA29DA229AA3AEB00580B53 /* FamousCurrencyTableViewCell.xib in Resources */,
				EAB2197929A7A55A007570E3 /* Main.storyboard in Resources */,
				EAA29D9E29AA3AD500580B53 /* HistoricalDataTableViewCell.xib in Resources */,
			);
			runOnlyForDeploymentPostprocessing = 0;
		};
		EAB2198529A7A55C007570E3 /* Resources */ = {
			isa = PBXResourcesBuildPhase;
			buildActionMask = 2147483647;
			files = (
				EAA29DFE29AC518300580B53 /* ConvertsStub.json in Resources */,
				EAA29DFF29AC518300580B53 /* SymbolsStub.json in Resources */,
				EAFA6A1329ACCC47004848B0 /* FamousCurrenciesStubs.json in Resources */,
				EAFA6A1429ACCC47004848B0 /* HistoricalStubs.json in Resources */,
			);
			runOnlyForDeploymentPostprocessing = 0;
		};
		EAB2198F29A7A55C007570E3 /* Resources */ = {
			isa = PBXResourcesBuildPhase;
			buildActionMask = 2147483647;
			files = (
			);
			runOnlyForDeploymentPostprocessing = 0;
		};
/* End PBXResourcesBuildPhase section */

/* Begin PBXSourcesBuildPhase section */
		EAB2196A29A7A55A007570E3 /* Sources */ = {
			isa = PBXSourcesBuildPhase;
			buildActionMask = 2147483647;
			files = (
				EAB21A2529A8E96F007570E3 /* CurrencySymbolsUseCaseInterface.swift in Sources */,
				EAB21A0229A846E7007570E3 /* CustomError.swift in Sources */,
				EAA29D8429A9A7F200580B53 /* CurrencyDetailsRepositoryInterface.swift in Sources */,
				EAB21A0E29A84787007570E3 /* RequestRouter.swift in Sources */,
				EAB219E129A833A8007570E3 /* AppCoordinator.swift in Sources */,
				EAA29D7D29A9A2B800580B53 /* CurrencyConvertEntity.swift in Sources */,
				EAB219C729A7A7A2007570E3 /* CurrencyConvertorViewController.swift in Sources */,
				EAA29DB929AA94DF00580B53 /* ChartMeasurmentDataModel.swift in Sources */,
				EAA29DB729AA93E600580B53 /* CurrencyChatHeaderView.swift in Sources */,
				EAB21A3429A8EE98007570E3 /* CurrencySymbolsDataModel.swift in Sources */,
				EAB219DB29A83380007570E3 /* AppStoryboards.swift in Sources */,
				EAB21A2729A8E973007570E3 /* CurrencySymbolsUseCase.swift in Sources */,
				EAB21A2929A8E9C8007570E3 /* CurrencyConvertorRemoteService.swift in Sources */,
				EAB219F329A8356D007570E3 /* CurrencyDetailsViewModel.swift in Sources */,
				EAA29DC829ABC0EB00580B53 /* RequestBuilder.swift in Sources */,
				EAA29DA829AA3EA000580B53 /* HistoricalConvertsDataModel.swift in Sources */,
				EAB21A0429A846F6007570E3 /* NetworkingManger.swift in Sources */,
				EAA29DA129AA3AEB00580B53 /* FamousCurrencyTableViewCell.swift in Sources */,
				EAA29DBE29AB71B900580B53 /* HistoricalDetailsUseCaseInterface.swift in Sources */,
				EAA29D8C29A9A87100580B53 /* CurrencyDetailsRepository.swift in Sources */,
				EAA29D8229A9A7E200580B53 /* FamousCurrenciesUseCase.swift in Sources */,
				EAB21A0829A8475C007570E3 /* BaseRouter.swift in Sources */,
				EAB21A0629A8474C007570E3 /* NetworkReachability.swift in Sources */,
				EAA29DC229AB7FDD00580B53 /* FetchConvertedCurrencyUseCaseProtocol.swift in Sources */,
				EAA29D8029A9A7D700580B53 /* FamousCurrenciesUseCaseInterface.swift in Sources */,
				EAB21A0A29A84768007570E3 /* RouterTypes.swift in Sources */,
				EAA29DC429AB7FE000580B53 /* ConvertedCurrencyUseCase.swift in Sources */,
				EAA29D8A29A9A83C00580B53 /* CurrencyDetailsRemoteServices.swift in Sources */,
				EAB219CC29A7A7BA007570E3 /* CurrencyConvertorViewModel.swift in Sources */,
				EAB2197229A7A55A007570E3 /* AppDelegate.swift in Sources */,
				EAB21A3D29A8FCCA007570E3 /* ConvertedCurrencyDataModel.swift in Sources */,
				EAB21A2B29A8E9CF007570E3 /* CurrencyConvertorRemoteInterface.swift in Sources */,
				EAA29DB329AA778600580B53 /* HistoricalConvertsEntity.swift in Sources */,
				EAB21A2029A8D7DD007570E3 /* UIAlert+Ext.swift in Sources */,
				EAB21A2329A8E47B007570E3 /* CommonViews.swift in Sources */,
				EAA29D8829A9A83200580B53 /* CurrencyDetailsRemoteInterface.swift in Sources */,
				EAB219FA29A83C5D007570E3 /* Constants.swift in Sources */,
				EAB2197429A7A55A007570E3 /* SceneDelegate.swift in Sources */,
				EAB21A3829A8FBE9007570E3 /* FamousCurrenciesEntity.swift in Sources */,
				EAB219DF29A8339A007570E3 /* Coordinator.swift in Sources */,
				EAB219D929A83308007570E3 /* BaseVC.swift in Sources */,
				EAA29DA629AA3E8100580B53 /* FamousCurrenciesDataModel.swift in Sources */,
				EAA29DBC29AB719C00580B53 /* HistoricalConvertsUseCase.swift in Sources */,
				EAB21A2F29A8ED69007570E3 /* CurrencyConvertorRepository.swift in Sources */,
				EAA29D9329A9AB2600580B53 /* CurrencyConvertorFactory.swift in Sources */,
				EAFA6A2629AD7B87004848B0 /* CoordinatorConstants.swift in Sources */,
				EAA29D4229A90F7800580B53 /* CustomTextFieldPicker.swift in Sources */,
				EAB219DD29A8338E007570E3 /* Storyboarded.swift in Sources */,
				EAA29D9529A9AB8600580B53 /* CurrencyDetailsFactory.swift in Sources */,
				EAA29DCA29ABC10200580B53 /* BaseRouterProtocol.swift in Sources */,
				EAB219F029A8355A007570E3 /* CurrencyDetailsViewController.swift in Sources */,
				EAA29DB529AA91FD00580B53 /* CurrencyChartView.swift in Sources */,
				EAA29D9D29AA3AD500580B53 /* HistoricalDataTableViewCell.swift in Sources */,
				EAB21A1929A85EC6007570E3 /* CurrencySymbolsEntity.swift in Sources */,
				EAB219D729A832F8007570E3 /* BaseViewController.swift in Sources */,
				EAB21A1E29A8D1D2007570E3 /* UITableView+Ext.swift in Sources */,
				EAB21A2D29A8ED35007570E3 /* CurrencyConvertorRepositoryInterface.swift in Sources */,
				EAB21A1B29A85EE5007570E3 /* APIError.swift in Sources */,
			);
			runOnlyForDeploymentPostprocessing = 0;
		};
		EAB2198329A7A55C007570E3 /* Sources */ = {
			isa = PBXSourcesBuildPhase;
			buildActionMask = 2147483647;
			files = (
				EAA29DE929AC298E00580B53 /* CurrencyDetailsMocks.swift in Sources */,
				EAA29DD329AC289200580B53 /* CurrencyConvertsViewModelTests.swift in Sources */,
				EAFA6A1929ACE0C2004848B0 /* FamousCurrencyConvertsUseCaseTests.swift in Sources */,
				EAA29DDB29AC28F900580B53 /* HistoricalConvertsUseCaseTests.swift in Sources */,
				EAA29DCD29AC23C200580B53 /* FetchCurrencySymbolsUseCaseTests.swift in Sources */,
				EAA29DF329AC29E500580B53 /* CurrencyConvertorMocks.swift in Sources */,
				EAA29E0B29AC52AD00580B53 /* CurrencyConvertorStubGenerator.swift in Sources */,
				EAFA6A1B29ACEAF8004848B0 /* FetchConvertedCurrencyUseCaseTests.swift in Sources */,
				EAFA6A1029AC56CE004848B0 /* FetchCurrencySymbolsUseCaseMock.swift in Sources */,
				EAFA6A1729ACD0D2004848B0 /* MockError.swift in Sources */,
				EAA29DF729AC3D3F00580B53 /* DetailsStubGenerator.swift in Sources */,
				EAFA6A1F29AD01EC004848B0 /* FetchConvertedCurrencyUseCaseMock.swift in Sources */,
			);
			runOnlyForDeploymentPostprocessing = 0;
		};
		EAB2198D29A7A55C007570E3 /* Sources */ = {
			isa = PBXSourcesBuildPhase;
			buildActionMask = 2147483647;
			files = (
				EAB2199829A7A55D007570E3 /* CurrencyConvertorUITestsLaunchTests.swift in Sources */,
				EAB2199629A7A55D007570E3 /* CurrencyConvertorUITests.swift in Sources */,
			);
			runOnlyForDeploymentPostprocessing = 0;
		};
/* End PBXSourcesBuildPhase section */

/* Begin PBXTargetDependency section */
		EAB2198929A7A55C007570E3 /* PBXTargetDependency */ = {
			isa = PBXTargetDependency;
			target = EAB2196D29A7A55A007570E3 /* CurrencyConvertor */;
			targetProxy = EAB2198829A7A55C007570E3 /* PBXContainerItemProxy */;
		};
		EAB2199329A7A55C007570E3 /* PBXTargetDependency */ = {
			isa = PBXTargetDependency;
			target = EAB2196D29A7A55A007570E3 /* CurrencyConvertor */;
			targetProxy = EAB2199229A7A55C007570E3 /* PBXContainerItemProxy */;
		};
/* End PBXTargetDependency section */

/* Begin PBXVariantGroup section */
		EAB2197729A7A55A007570E3 /* Main.storyboard */ = {
			isa = PBXVariantGroup;
			children = (
				EAB2197829A7A55A007570E3 /* Base */,
			);
			name = Main.storyboard;
			sourceTree = "<group>";
		};
		EAB2197F29A7A55C007570E3 /* LaunchScreen.storyboard */ = {
			isa = PBXVariantGroup;
			children = (
				EAB2198029A7A55C007570E3 /* Base */,
			);
			name = LaunchScreen.storyboard;
			sourceTree = "<group>";
		};
/* End PBXVariantGroup section */

/* Begin XCBuildConfiguration section */
		EAB2199929A7A55D007570E3 /* Debug */ = {
			isa = XCBuildConfiguration;
			buildSettings = {
				ALWAYS_SEARCH_USER_PATHS = NO;
				CLANG_ANALYZER_NONNULL = YES;
				CLANG_ANALYZER_NUMBER_OBJECT_CONVERSION = YES_AGGRESSIVE;
				CLANG_CXX_LANGUAGE_STANDARD = "gnu++20";
				CLANG_ENABLE_MODULES = YES;
				CLANG_ENABLE_OBJC_ARC = YES;
				CLANG_ENABLE_OBJC_WEAK = YES;
				CLANG_WARN_BLOCK_CAPTURE_AUTORELEASING = YES;
				CLANG_WARN_BOOL_CONVERSION = YES;
				CLANG_WARN_COMMA = YES;
				CLANG_WARN_CONSTANT_CONVERSION = YES;
				CLANG_WARN_DEPRECATED_OBJC_IMPLEMENTATIONS = YES;
				CLANG_WARN_DIRECT_OBJC_ISA_USAGE = YES_ERROR;
				CLANG_WARN_DOCUMENTATION_COMMENTS = YES;
				CLANG_WARN_EMPTY_BODY = YES;
				CLANG_WARN_ENUM_CONVERSION = YES;
				CLANG_WARN_INFINITE_RECURSION = YES;
				CLANG_WARN_INT_CONVERSION = YES;
				CLANG_WARN_NON_LITERAL_NULL_CONVERSION = YES;
				CLANG_WARN_OBJC_IMPLICIT_RETAIN_SELF = YES;
				CLANG_WARN_OBJC_LITERAL_CONVERSION = YES;
				CLANG_WARN_OBJC_ROOT_CLASS = YES_ERROR;
				CLANG_WARN_QUOTED_INCLUDE_IN_FRAMEWORK_HEADER = YES;
				CLANG_WARN_RANGE_LOOP_ANALYSIS = YES;
				CLANG_WARN_STRICT_PROTOTYPES = YES;
				CLANG_WARN_SUSPICIOUS_MOVE = YES;
				CLANG_WARN_UNGUARDED_AVAILABILITY = YES_AGGRESSIVE;
				CLANG_WARN_UNREACHABLE_CODE = YES;
				CLANG_WARN__DUPLICATE_METHOD_MATCH = YES;
				COPY_PHASE_STRIP = NO;
				DEBUG_INFORMATION_FORMAT = dwarf;
				ENABLE_STRICT_OBJC_MSGSEND = YES;
				ENABLE_TESTABILITY = YES;
				GCC_C_LANGUAGE_STANDARD = gnu11;
				GCC_DYNAMIC_NO_PIC = NO;
				GCC_NO_COMMON_BLOCKS = YES;
				GCC_OPTIMIZATION_LEVEL = 0;
				GCC_PREPROCESSOR_DEFINITIONS = (
					"DEBUG=1",
					"$(inherited)",
				);
				GCC_WARN_64_TO_32_BIT_CONVERSION = YES;
				GCC_WARN_ABOUT_RETURN_TYPE = YES_ERROR;
				GCC_WARN_UNDECLARED_SELECTOR = YES;
				GCC_WARN_UNINITIALIZED_AUTOS = YES_AGGRESSIVE;
				GCC_WARN_UNUSED_FUNCTION = YES;
				GCC_WARN_UNUSED_VARIABLE = YES;
				IPHONEOS_DEPLOYMENT_TARGET = 13.0;
				MTL_ENABLE_DEBUG_INFO = INCLUDE_SOURCE;
				MTL_FAST_MATH = YES;
				ONLY_ACTIVE_ARCH = YES;
				SDKROOT = iphoneos;
				SWIFT_ACTIVE_COMPILATION_CONDITIONS = DEBUG;
				SWIFT_OPTIMIZATION_LEVEL = "-Onone";
			};
			name = Debug;
		};
		EAB2199A29A7A55D007570E3 /* Release */ = {
			isa = XCBuildConfiguration;
			buildSettings = {
				ALWAYS_SEARCH_USER_PATHS = NO;
				CLANG_ANALYZER_NONNULL = YES;
				CLANG_ANALYZER_NUMBER_OBJECT_CONVERSION = YES_AGGRESSIVE;
				CLANG_CXX_LANGUAGE_STANDARD = "gnu++20";
				CLANG_ENABLE_MODULES = YES;
				CLANG_ENABLE_OBJC_ARC = YES;
				CLANG_ENABLE_OBJC_WEAK = YES;
				CLANG_WARN_BLOCK_CAPTURE_AUTORELEASING = YES;
				CLANG_WARN_BOOL_CONVERSION = YES;
				CLANG_WARN_COMMA = YES;
				CLANG_WARN_CONSTANT_CONVERSION = YES;
				CLANG_WARN_DEPRECATED_OBJC_IMPLEMENTATIONS = YES;
				CLANG_WARN_DIRECT_OBJC_ISA_USAGE = YES_ERROR;
				CLANG_WARN_DOCUMENTATION_COMMENTS = YES;
				CLANG_WARN_EMPTY_BODY = YES;
				CLANG_WARN_ENUM_CONVERSION = YES;
				CLANG_WARN_INFINITE_RECURSION = YES;
				CLANG_WARN_INT_CONVERSION = YES;
				CLANG_WARN_NON_LITERAL_NULL_CONVERSION = YES;
				CLANG_WARN_OBJC_IMPLICIT_RETAIN_SELF = YES;
				CLANG_WARN_OBJC_LITERAL_CONVERSION = YES;
				CLANG_WARN_OBJC_ROOT_CLASS = YES_ERROR;
				CLANG_WARN_QUOTED_INCLUDE_IN_FRAMEWORK_HEADER = YES;
				CLANG_WARN_RANGE_LOOP_ANALYSIS = YES;
				CLANG_WARN_STRICT_PROTOTYPES = YES;
				CLANG_WARN_SUSPICIOUS_MOVE = YES;
				CLANG_WARN_UNGUARDED_AVAILABILITY = YES_AGGRESSIVE;
				CLANG_WARN_UNREACHABLE_CODE = YES;
				CLANG_WARN__DUPLICATE_METHOD_MATCH = YES;
				COPY_PHASE_STRIP = NO;
				DEBUG_INFORMATION_FORMAT = "dwarf-with-dsym";
				ENABLE_NS_ASSERTIONS = NO;
				ENABLE_STRICT_OBJC_MSGSEND = YES;
				GCC_C_LANGUAGE_STANDARD = gnu11;
				GCC_NO_COMMON_BLOCKS = YES;
				GCC_WARN_64_TO_32_BIT_CONVERSION = YES;
				GCC_WARN_ABOUT_RETURN_TYPE = YES_ERROR;
				GCC_WARN_UNDECLARED_SELECTOR = YES;
				GCC_WARN_UNINITIALIZED_AUTOS = YES_AGGRESSIVE;
				GCC_WARN_UNUSED_FUNCTION = YES;
				GCC_WARN_UNUSED_VARIABLE = YES;
				IPHONEOS_DEPLOYMENT_TARGET = 13.0;
				MTL_ENABLE_DEBUG_INFO = NO;
				MTL_FAST_MATH = YES;
				SDKROOT = iphoneos;
				SWIFT_COMPILATION_MODE = wholemodule;
				SWIFT_OPTIMIZATION_LEVEL = "-O";
				VALIDATE_PRODUCT = YES;
			};
			name = Release;
		};
		EAB2199C29A7A55D007570E3 /* Debug */ = {
			isa = XCBuildConfiguration;
			buildSettings = {
				ASSETCATALOG_COMPILER_APPICON_NAME = AppIcon;
				ASSETCATALOG_COMPILER_GLOBAL_ACCENT_COLOR_NAME = AccentColor;
				CODE_SIGN_STYLE = Automatic;
				CURRENT_PROJECT_VERSION = 1;
				DEVELOPMENT_TEAM = 2JM7W65QBL;
				GENERATE_INFOPLIST_FILE = YES;
				INFOPLIST_FILE = CurrencyConvertor/Info.plist;
				INFOPLIST_KEY_UIApplicationSupportsIndirectInputEvents = YES;
				INFOPLIST_KEY_UILaunchStoryboardName = LaunchScreen;
				INFOPLIST_KEY_UIMainStoryboardFile = Main;
				INFOPLIST_KEY_UISupportedInterfaceOrientations_iPad = "UIInterfaceOrientationPortrait UIInterfaceOrientationPortraitUpsideDown UIInterfaceOrientationLandscapeLeft UIInterfaceOrientationLandscapeRight";
				INFOPLIST_KEY_UISupportedInterfaceOrientations_iPhone = "UIInterfaceOrientationPortrait UIInterfaceOrientationLandscapeLeft UIInterfaceOrientationLandscapeRight";
				IPHONEOS_DEPLOYMENT_TARGET = 13.0;
				LD_RUNPATH_SEARCH_PATHS = (
					"$(inherited)",
					"@executable_path/Frameworks",
				);
				MARKETING_VERSION = 1.0;
				PRODUCT_BUNDLE_IDENTIFIER = com.CurrencyConvertor;
				PRODUCT_NAME = "$(TARGET_NAME)";
				SWIFT_EMIT_LOC_STRINGS = YES;
				SWIFT_VERSION = 5.0;
				TARGETED_DEVICE_FAMILY = "1,2";
			};
			name = Debug;
		};
		EAB2199D29A7A55D007570E3 /* Release */ = {
			isa = XCBuildConfiguration;
			buildSettings = {
				ASSETCATALOG_COMPILER_APPICON_NAME = AppIcon;
				ASSETCATALOG_COMPILER_GLOBAL_ACCENT_COLOR_NAME = AccentColor;
				CODE_SIGN_STYLE = Automatic;
				CURRENT_PROJECT_VERSION = 1;
				DEVELOPMENT_TEAM = 2JM7W65QBL;
				GENERATE_INFOPLIST_FILE = YES;
				INFOPLIST_FILE = CurrencyConvertor/Info.plist;
				INFOPLIST_KEY_UIApplicationSupportsIndirectInputEvents = YES;
				INFOPLIST_KEY_UILaunchStoryboardName = LaunchScreen;
				INFOPLIST_KEY_UIMainStoryboardFile = Main;
				INFOPLIST_KEY_UISupportedInterfaceOrientations_iPad = "UIInterfaceOrientationPortrait UIInterfaceOrientationPortraitUpsideDown UIInterfaceOrientationLandscapeLeft UIInterfaceOrientationLandscapeRight";
				INFOPLIST_KEY_UISupportedInterfaceOrientations_iPhone = "UIInterfaceOrientationPortrait UIInterfaceOrientationLandscapeLeft UIInterfaceOrientationLandscapeRight";
				IPHONEOS_DEPLOYMENT_TARGET = 13.0;
				LD_RUNPATH_SEARCH_PATHS = (
					"$(inherited)",
					"@executable_path/Frameworks",
				);
				MARKETING_VERSION = 1.0;
				PRODUCT_BUNDLE_IDENTIFIER = com.CurrencyConvertor;
				PRODUCT_NAME = "$(TARGET_NAME)";
				SWIFT_EMIT_LOC_STRINGS = YES;
				SWIFT_VERSION = 5.0;
				TARGETED_DEVICE_FAMILY = "1,2";
			};
			name = Release;
		};
		EAB2199F29A7A55D007570E3 /* Debug */ = {
			isa = XCBuildConfiguration;
			buildSettings = {
				ALWAYS_EMBED_SWIFT_STANDARD_LIBRARIES = YES;
				BUNDLE_LOADER = "$(TEST_HOST)";
				CODE_SIGN_STYLE = Automatic;
				CURRENT_PROJECT_VERSION = 1;
				DEVELOPMENT_TEAM = 2JM7W65QBL;
				GENERATE_INFOPLIST_FILE = YES;
				IPHONEOS_DEPLOYMENT_TARGET = 16.2;
				MARKETING_VERSION = 1.0;
				PRODUCT_BUNDLE_IDENTIFIER = com.CurrencyConvertorTests;
				PRODUCT_NAME = "$(TARGET_NAME)";
				SWIFT_EMIT_LOC_STRINGS = NO;
				SWIFT_VERSION = 5.0;
				TARGETED_DEVICE_FAMILY = "1,2";
				TEST_HOST = "$(BUILT_PRODUCTS_DIR)/CurrencyConvertor.app/$(BUNDLE_EXECUTABLE_FOLDER_PATH)/CurrencyConvertor";
			};
			name = Debug;
		};
		EAB219A029A7A55D007570E3 /* Release */ = {
			isa = XCBuildConfiguration;
			buildSettings = {
				ALWAYS_EMBED_SWIFT_STANDARD_LIBRARIES = YES;
				BUNDLE_LOADER = "$(TEST_HOST)";
				CODE_SIGN_STYLE = Automatic;
				CURRENT_PROJECT_VERSION = 1;
				DEVELOPMENT_TEAM = 2JM7W65QBL;
				GENERATE_INFOPLIST_FILE = YES;
				IPHONEOS_DEPLOYMENT_TARGET = 16.2;
				MARKETING_VERSION = 1.0;
				PRODUCT_BUNDLE_IDENTIFIER = com.CurrencyConvertorTests;
				PRODUCT_NAME = "$(TARGET_NAME)";
				SWIFT_EMIT_LOC_STRINGS = NO;
				SWIFT_VERSION = 5.0;
				TARGETED_DEVICE_FAMILY = "1,2";
				TEST_HOST = "$(BUILT_PRODUCTS_DIR)/CurrencyConvertor.app/$(BUNDLE_EXECUTABLE_FOLDER_PATH)/CurrencyConvertor";
			};
			name = Release;
		};
		EAB219A229A7A55D007570E3 /* Debug */ = {
			isa = XCBuildConfiguration;
			buildSettings = {
				ALWAYS_EMBED_SWIFT_STANDARD_LIBRARIES = YES;
				CODE_SIGN_STYLE = Automatic;
				CURRENT_PROJECT_VERSION = 1;
				DEVELOPMENT_TEAM = 2JM7W65QBL;
				GENERATE_INFOPLIST_FILE = YES;
				MARKETING_VERSION = 1.0;
				PRODUCT_BUNDLE_IDENTIFIER = com.CurrencyConvertorUITests;
				PRODUCT_NAME = "$(TARGET_NAME)";
				SWIFT_EMIT_LOC_STRINGS = NO;
				SWIFT_VERSION = 5.0;
				TARGETED_DEVICE_FAMILY = "1,2";
				TEST_TARGET_NAME = CurrencyConvertor;
			};
			name = Debug;
		};
		EAB219A329A7A55D007570E3 /* Release */ = {
			isa = XCBuildConfiguration;
			buildSettings = {
				ALWAYS_EMBED_SWIFT_STANDARD_LIBRARIES = YES;
				CODE_SIGN_STYLE = Automatic;
				CURRENT_PROJECT_VERSION = 1;
				DEVELOPMENT_TEAM = 2JM7W65QBL;
				GENERATE_INFOPLIST_FILE = YES;
				MARKETING_VERSION = 1.0;
				PRODUCT_BUNDLE_IDENTIFIER = com.CurrencyConvertorUITests;
				PRODUCT_NAME = "$(TARGET_NAME)";
				SWIFT_EMIT_LOC_STRINGS = NO;
				SWIFT_VERSION = 5.0;
				TARGETED_DEVICE_FAMILY = "1,2";
				TEST_TARGET_NAME = CurrencyConvertor;
			};
			name = Release;
		};
/* End XCBuildConfiguration section */

/* Begin XCConfigurationList section */
		EAB2196929A7A55A007570E3 /* Build configuration list for PBXProject "CurrencyConvertor" */ = {
			isa = XCConfigurationList;
			buildConfigurations = (
				EAB2199929A7A55D007570E3 /* Debug */,
				EAB2199A29A7A55D007570E3 /* Release */,
			);
			defaultConfigurationIsVisible = 0;
			defaultConfigurationName = Release;
		};
		EAB2199B29A7A55D007570E3 /* Build configuration list for PBXNativeTarget "CurrencyConvertor" */ = {
			isa = XCConfigurationList;
			buildConfigurations = (
				EAB2199C29A7A55D007570E3 /* Debug */,
				EAB2199D29A7A55D007570E3 /* Release */,
			);
			defaultConfigurationIsVisible = 0;
			defaultConfigurationName = Release;
		};
		EAB2199E29A7A55D007570E3 /* Build configuration list for PBXNativeTarget "CurrencyConvertorTests" */ = {
			isa = XCConfigurationList;
			buildConfigurations = (
				EAB2199F29A7A55D007570E3 /* Debug */,
				EAB219A029A7A55D007570E3 /* Release */,
			);
			defaultConfigurationIsVisible = 0;
			defaultConfigurationName = Release;
		};
		EAB219A129A7A55D007570E3 /* Build configuration list for PBXNativeTarget "CurrencyConvertorUITests" */ = {
			isa = XCConfigurationList;
			buildConfigurations = (
				EAB219A229A7A55D007570E3 /* Debug */,
				EAB219A329A7A55D007570E3 /* Release */,
			);
			defaultConfigurationIsVisible = 0;
			defaultConfigurationName = Release;
		};
/* End XCConfigurationList section */

/* Begin XCRemoteSwiftPackageReference section */
		EAA29D6D29A97D6B00580B53 /* XCRemoteSwiftPackageReference "RxSwift" */ = {
			isa = XCRemoteSwiftPackageReference;
			repositoryURL = "https://github.com/ReactiveX/RxSwift";
			requirement = {
				branch = main;
				kind = branch;
			};
		};
/* End XCRemoteSwiftPackageReference section */

/* Begin XCSwiftPackageProductDependency section */
		EAA29D6E29A97D6B00580B53 /* RxCocoa */ = {
			isa = XCSwiftPackageProductDependency;
			package = EAA29D6D29A97D6B00580B53 /* XCRemoteSwiftPackageReference "RxSwift" */;
			productName = RxCocoa;
		};
		EAA29D7029A97D6B00580B53 /* RxSwift */ = {
			isa = XCSwiftPackageProductDependency;
			package = EAA29D6D29A97D6B00580B53 /* XCRemoteSwiftPackageReference "RxSwift" */;
			productName = RxSwift;
		};
		EAA29D7329A97EB500580B53 /* RxCocoa */ = {
			isa = XCSwiftPackageProductDependency;
			package = EAA29D6D29A97D6B00580B53 /* XCRemoteSwiftPackageReference "RxSwift" */;
			productName = RxCocoa;
		};
		EAA29D7529A97EB500580B53 /* RxSwift */ = {
			isa = XCSwiftPackageProductDependency;
			package = EAA29D6D29A97D6B00580B53 /* XCRemoteSwiftPackageReference "RxSwift" */;
			productName = RxSwift;
		};
		EAA29DCE29AC266B00580B53 /* RxBlocking */ = {
			isa = XCSwiftPackageProductDependency;
			package = EAA29D6D29A97D6B00580B53 /* XCRemoteSwiftPackageReference "RxSwift" */;
			productName = RxBlocking;
		};
		EAA29E0C29AC543600580B53 /* RxTest */ = {
			isa = XCSwiftPackageProductDependency;
			package = EAA29D6D29A97D6B00580B53 /* XCRemoteSwiftPackageReference "RxSwift" */;
			productName = RxTest;
		};
/* End XCSwiftPackageProductDependency section */
	};
	rootObject = EAB2196629A7A55A007570E3 /* Project object */;
}
